/data/shamsaddinisha/jfarber-20160119-P1/jfarber-20160119-E1/spsingh-20171019-D2/hg38/CD8_Naive/alignment/AB2952-L1.bam
/data/shamsaddinisha/jfarber-20160119-P1/jfarber-20160119-E1/spsingh-20171019-D2/hg38/CD8_Naive/alignment/AB2956-L1.bam
/data/shamsaddinisha/jfarber-20160119-P1/jfarber-20160119-E1/spsingh-20171019-D2/hg38/CD8_Jurkat/alignment/AB2960-L1.bam
/data/shamsaddinisha/jfarber-20160119-P1/jfarber-20160119-E1/spsingh-20171019-D2/hg38/CD8_CCR6-CCR2-/alignment/AB2953-L1.bam
/data/shamsaddinisha/jfarber-20160119-P1/jfarber-20160119-E1/spsingh-20171019-D2/hg38/CD8_CCR6-CCR2-/alignment/AB2957-L1.bam
/data/shamsaddinisha/jfarber-20160119-P1/jfarber-20160119-E1/spsingh-20171019-D2/hg38/CD8_VA2.7-CCR6+/alignment/AB2969-L1.bam
/data/shamsaddinisha/jfarber-20160119-P1/jfarber-20160119-E1/spsingh-20171019-D2/hg38/CD8_VA2.7-CCR6+/alignment/AB2970-L1.bam
/data/shamsaddinisha/jfarber-20160119-P1/jfarber-20160119-E1/spsingh-20171019-D2/hg38/CD8_VA2.7+CCR6+CCR2-/alignment/AB2954-L1.bam
/data/shamsaddinisha/jfarber-20160119-P1/jfarber-20160119-E1/spsingh-20171019-D2/hg38/CD8_VA2.7+CCR6+CCR2-/alignment/AB2958-L1.bam
/data/shamsaddinisha/jfarber-20160119-P1/jfarber-20160119-E1/spsingh-20171019-D2/hg38/CD8_VA2.7+CCR6+CCR2+/alignment/AB2955-L1.bam
/data/shamsaddinisha/jfarber-20160119-P1/jfarber-20160119-E1/spsingh-20171019-D2/hg38/CD8_VA2.7+CCR6+CCR2+/alignment/AB2959-L1.bam
/data/shamsaddinisha/jfarber-20160119-P1/jfarber-20160119-E1/spsingh-20171019-D2/hg38/CD8_Naive/alignment/AB2952-L1_POOLED_AB2956-L1.bam
/data/shamsaddinisha/jfarber-20160119-P1/jfarber-20160119-E1/spsingh-20171019-D2/hg38/CD8_Jurkat/alignment/AB2960-L1.bam
/data/shamsaddinisha/jfarber-20160119-P1/jfarber-20160119-E1/spsingh-20171019-D2/hg38/CD8_CCR6-CCR2-/alignment/AB2953-L1_POOLED_AB2957-L1.bam
/data/shamsaddinisha/jfarber-20160119-P1/jfarber-20160119-E1/spsingh-20171019-D2/hg38/CD8_VA2.7-CCR6+/alignment/AB2969-L1_POOLED_AB2970-L1.bam
/data/shamsaddinisha/jfarber-20160119-P1/jfarber-20160119-E1/spsingh-20171019-D2/hg38/CD8_VA2.7+CCR6+CCR2-/alignment/AB2954-L1_POOLED_AB2958-L1.bam
/data/shamsaddinisha/jfarber-20160119-P1/jfarber-20160119-E1/spsingh-20171019-D2/hg38/CD8_VA2.7+CCR6+CCR2+/alignment/AB2955-L1_POOLED_AB2959-L1.bam
/data/shamsaddinisha/jfarber-20160119-P1/jfarber-20160119-E1/spsingh-20171019-D2/hg38/CD8_Naive/pre_process/AB2952-L1.R1.processed.fastq
/data/shamsaddinisha/jfarber-20160119-P1/jfarber-20160119-E1/spsingh-20171019-D2/hg38/CD8_Naive/pre_process/AB2952-L1.R2.processed.fastq
/data/shamsaddinisha/jfarber-20160119-P1/jfarber-20160119-E1/spsingh-20171019-D2/hg38/CD8_Naive/pre_process/AB2956-L1.R1.processed.fastq
/data/shamsaddinisha/jfarber-20160119-P1/jfarber-20160119-E1/spsingh-20171019-D2/hg38/CD8_Naive/pre_process/AB2956-L1.R2.processed.fastq
/data/shamsaddinisha/jfarber-20160119-P1/jfarber-20160119-E1/spsingh-20171019-D2/hg38/CD8_Jurkat/pre_process/AB2960-L1.R1.processed.fastq
/data/shamsaddinisha/jfarber-20160119-P1/jfarber-20160119-E1/spsingh-20171019-D2/hg38/CD8_Jurkat/pre_process/AB2960-L1.R2.processed.fastq
/data/shamsaddinisha/jfarber-20160119-P1/jfarber-20160119-E1/spsingh-20171019-D2/hg38/CD8_CCR6-CCR2-/pre_process/AB2953-L1.R1.processed.fastq
/data/shamsaddinisha/jfarber-20160119-P1/jfarber-20160119-E1/spsingh-20171019-D2/hg38/CD8_CCR6-CCR2-/pre_process/AB2953-L1.R2.processed.fastq
/data/shamsaddinisha/jfarber-20160119-P1/jfarber-20160119-E1/spsingh-20171019-D2/hg38/CD8_CCR6-CCR2-/pre_process/AB2957-L1.R1.processed.fastq
/data/shamsaddinisha/jfarber-20160119-P1/jfarber-20160119-E1/spsingh-20171019-D2/hg38/CD8_CCR6-CCR2-/pre_process/AB2957-L1.R2.processed.fastq
/data/shamsaddinisha/jfarber-20160119-P1/jfarber-20160119-E1/spsingh-20171019-D2/hg38/CD8_VA2.7-CCR6+/pre_process/AB2969-L1.R1.processed.fastq
/data/shamsaddinisha/jfarber-20160119-P1/jfarber-20160119-E1/spsingh-20171019-D2/hg38/CD8_VA2.7-CCR6+/pre_process/AB2969-L1.R2.processed.fastq
/data/shamsaddinisha/jfarber-20160119-P1/jfarber-20160119-E1/spsingh-20171019-D2/hg38/CD8_VA2.7-CCR6+/pre_process/AB2970-L1.R1.processed.fastq
/data/shamsaddinisha/jfarber-20160119-P1/jfarber-20160119-E1/spsingh-20171019-D2/hg38/CD8_VA2.7-CCR6+/pre_process/AB2970-L1.R2.processed.fastq
/data/shamsaddinisha/jfarber-20160119-P1/jfarber-20160119-E1/spsingh-20171019-D2/hg38/CD8_VA2.7+CCR6+CCR2-/pre_process/AB2954-L1.R1.processed.fastq
/data/shamsaddinisha/jfarber-20160119-P1/jfarber-20160119-E1/spsingh-20171019-D2/hg38/CD8_VA2.7+CCR6+CCR2-/pre_process/AB2954-L1.R2.processed.fastq
/data/shamsaddinisha/jfarber-20160119-P1/jfarber-20160119-E1/spsingh-20171019-D2/hg38/CD8_VA2.7+CCR6+CCR2-/pre_process/AB2958-L1.R1.processed.fastq
/data/shamsaddinisha/jfarber-20160119-P1/jfarber-20160119-E1/spsingh-20171019-D2/hg38/CD8_VA2.7+CCR6+CCR2-/pre_process/AB2958-L1.R2.processed.fastq
/data/shamsaddinisha/jfarber-20160119-P1/jfarber-20160119-E1/spsingh-20171019-D2/hg38/CD8_VA2.7+CCR6+CCR2+/pre_process/AB2955-L1.R1.processed.fastq
/data/shamsaddinisha/jfarber-20160119-P1/jfarber-20160119-E1/spsingh-20171019-D2/hg38/CD8_VA2.7+CCR6+CCR2+/pre_process/AB2955-L1.R2.processed.fastq
/data/shamsaddinisha/jfarber-20160119-P1/jfarber-20160119-E1/spsingh-20171019-D2/hg38/CD8_VA2.7+CCR6+CCR2+/pre_process/AB2959-L1.R1.processed.fastq
/data/shamsaddinisha/jfarber-20160119-P1/jfarber-20160119-E1/spsingh-20171019-D2/hg38/CD8_VA2.7+CCR6+CCR2+/pre_process/AB2959-L1.R2.processed.fastq
/data/shamsaddinisha/jfarber-20160119-P1/jfarber-20160119-E1/spsingh-20171019-D2/hg38/CD8_Naive/alignment/AB2952-L1.bam
/data/shamsaddinisha/jfarber-20160119-P1/jfarber-20160119-E1/spsingh-20171019-D2/hg38/CD8_Naive/alignment/AB2956-L1.bam
/data/shamsaddinisha/jfarber-20160119-P1/jfarber-20160119-E1/spsingh-20171019-D2/hg38/CD8_CCR6-CCR2-/alignment/AB2953-L1.bam
/data/shamsaddinisha/jfarber-20160119-P1/jfarber-20160119-E1/spsingh-20171019-D2/hg38/CD8_CCR6-CCR2-/alignment/AB2957-L1.bam
/data/shamsaddinisha/jfarber-20160119-P1/jfarber-20160119-E1/spsingh-20171019-D2/hg38/CD8_VA2.7-CCR6+/alignment/AB2969-L1.bam
/data/shamsaddinisha/jfarber-20160119-P1/jfarber-20160119-E1/spsingh-20171019-D2/hg38/CD8_VA2.7-CCR6+/alignment/AB2970-L1.bam
/data/shamsaddinisha/jfarber-20160119-P1/jfarber-20160119-E1/spsingh-20171019-D2/hg38/CD8_VA2.7+CCR6+CCR2-/alignment/AB2954-L1.bam
/data/shamsaddinisha/jfarber-20160119-P1/jfarber-20160119-E1/spsingh-20171019-D2/hg38/CD8_VA2.7+CCR6+CCR2-/alignment/AB2958-L1.bam
/data/shamsaddinisha/jfarber-20160119-P1/jfarber-20160119-E1/spsingh-20171019-D2/hg38/CD8_VA2.7+CCR6+CCR2+/alignment/AB2955-L1.bam
/data/shamsaddinisha/jfarber-20160119-P1/jfarber-20160119-E1/spsingh-20171019-D2/hg38/CD8_VA2.7+CCR6+CCR2+/alignment/AB2959-L1.bam
